
Microsoft Visual Studio Solution File, Format Version 12.00
# Visual Studio 15
VisualStudioVersion = 15.0.26124.0
MinimumVisualStudioVersion = 15.0.26124.0
Project("{FAE04EC0-301F-11D3-BF4B-00C04F79EFBC}") = "WebToTest", "WebToTest\WebToTest.csproj", "{C11A6D48-C9AA-4C70-AB8A-08EAD28727A7}"
EndProject
Project("{FAE04EC0-301F-11D3-BF4B-00C04F79EFBC}") = "WebToTest.Tests", "WebToTest.Tests\WebToTest.Tests.csproj", "{30B80A4F-76EF-47AE-A505-FDA5FEB8BA5B}"
EndProject
Project("{FAE04EC0-301F-11D3-BF4B-00C04F79EFBC}") = "WebToTest.IntegrationTests", "WebToTest.IntegrationTests\WebToTest.IntegrationTests.csproj", "{174ECFAB-79A9-4107-8A4D-66CC07F9256A}"
EndProject
Global
	GlobalSection(SolutionConfigurationPlatforms) = preSolution
		Debug|Any CPU = Debug|Any CPU
		Debug|x64 = Debug|x64
		Debug|x86 = Debug|x86
		Release|Any CPU = Release|Any CPU
		Release|x64 = Release|x64
		Release|x86 = Release|x86
	EndGlobalSection
	GlobalSection(SolutionProperties) = preSolution
		HideSolutionNode = FALSE
	EndGlobalSection
	GlobalSection(ProjectConfigurationPlatforms) = postSolution
		{C11A6D48-C9AA-4C70-AB8A-08EAD28727A7}.Debug|Any CPU.ActiveCfg = Debug|Any CPU
		{C11A6D48-C9AA-4C70-AB8A-08EAD28727A7}.Debug|Any CPU.Build.0 = Debug|Any CPU
		{C11A6D48-C9AA-4C70-AB8A-08EAD28727A7}.Debug|x64.ActiveCfg = Debug|Any CPU
		{C11A6D48-C9AA-4C70-AB8A-08EAD28727A7}.Debug|x64.Build.0 = Debug|Any CPU
		{C11A6D48-C9AA-4C70-AB8A-08EAD28727A7}.Debug|x86.ActiveCfg = Debug|Any CPU
		{C11A6D48-C9AA-4C70-AB8A-08EAD28727A7}.Debug|x86.Build.0 = Debug|Any CPU
		{C11A6D48-C9AA-4C70-AB8A-08EAD28727A7}.Release|Any CPU.ActiveCfg = Release|Any CPU
		{C11A6D48-C9AA-4C70-AB8A-08EAD28727A7}.Release|Any CPU.Build.0 = Release|Any CPU
		{C11A6D48-C9AA-4C70-AB8A-08EAD28727A7}.Release|x64.ActiveCfg = Release|Any CPU
		{C11A6D48-C9AA-4C70-AB8A-08EAD28727A7}.Release|x64.Build.0 = Release|Any CPU
		{C11A6D48-C9AA-4C70-AB8A-08EAD28727A7}.Release|x86.ActiveCfg = Release|Any CPU
		{C11A6D48-C9AA-4C70-AB8A-08EAD28727A7}.Release|x86.Build.0 = Release|Any CPU
		{30B80A4F-76EF-47AE-A505-FDA5FEB8BA5B}.Debug|Any CPU.ActiveCfg = Debug|Any CPU
		{30B80A4F-76EF-47AE-A505-FDA5FEB8BA5B}.Debug|Any CPU.Build.0 = Debug|Any CPU
		{30B80A4F-76EF-47AE-A505-FDA5FEB8BA5B}.Debug|x64.ActiveCfg = Debug|Any CPU
		{30B80A4F-76EF-47AE-A505-FDA5FEB8BA5B}.Debug|x64.Build.0 = Debug|Any CPU
		{30B80A4F-76EF-47AE-A505-FDA5FEB8BA5B}.Debug|x86.ActiveCfg = Debug|Any CPU
		{30B80A4F-76EF-47AE-A505-FDA5FEB8BA5B}.Debug|x86.Build.0 = Debug|Any CPU
		{30B80A4F-76EF-47AE-A505-FDA5FEB8BA5B}.Release|Any CPU.ActiveCfg = Release|Any CPU
		{30B80A4F-76EF-47AE-A505-FDA5FEB8BA5B}.Release|Any CPU.Build.0 = Release|Any CPU
		{30B80A4F-76EF-47AE-A505-FDA5FEB8BA5B}.Release|x64.ActiveCfg = Release|Any CPU
		{30B80A4F-76EF-47AE-A505-FDA5FEB8BA5B}.Release|x64.Build.0 = Release|Any CPU
		{30B80A4F-76EF-47AE-A505-FDA5FEB8BA5B}.Release|x86.ActiveCfg = Release|Any CPU
		{30B80A4F-76EF-47AE-A505-FDA5FEB8BA5B}.Release|x86.Build.0 = Release|Any CPU
		{174ECFAB-79A9-4107-8A4D-66CC07F9256A}.Debug|Any CPU.ActiveCfg = Debug|Any CPU
		{174ECFAB-79A9-4107-8A4D-66CC07F9256A}.Debug|Any CPU.Build.0 = Debug|Any CPU
		{174ECFAB-79A9-4107-8A4D-66CC07F9256A}.Debug|x64.ActiveCfg = Debug|Any CPU
		{174ECFAB-79A9-4107-8A4D-66CC07F9256A}.Debug|x64.Build.0 = Debug|Any CPU
		{174ECFAB-79A9-4107-8A4D-66CC07F9256A}.Debug|x86.ActiveCfg = Debug|Any CPU
		{174ECFAB-79A9-4107-8A4D-66CC07F9256A}.Debug|x86.Build.0 = Debug|Any CPU
		{174ECFAB-79A9-4107-8A4D-66CC07F9256A}.Release|Any CPU.ActiveCfg = Release|Any CPU
		{174ECFAB-79A9-4107-8A4D-66CC07F9256A}.Release|Any CPU.Build.0 = Release|Any CPU
		{174ECFAB-79A9-4107-8A4D-66CC07F9256A}.Release|x64.ActiveCfg = Release|Any CPU
		{174ECFAB-79A9-4107-8A4D-66CC07F9256A}.Release|x64.Build.0 = Release|Any CPU
		{174ECFAB-79A9-4107-8A4D-66CC07F9256A}.Release|x86.ActiveCfg = Release|Any CPU
		{174ECFAB-79A9-4107-8A4D-66CC07F9256A}.Release|x86.Build.0 = Release|Any CPU
	EndGlobalSection
EndGlobal
